
Microsoft Visual Studio Solution File, Format Version 12.00
# Visual Studio Version 16
VisualStudioVersion = 16.0.31313.79
MinimumVisualStudioVersion = 10.0.40219.1
Project("{FAE04EC0-301F-11D3-BF4B-00C04F79EFBC}") = "MatchGame", "MatchGame\MatchGame.csproj", "{3767D676-E0BB-4DAC-8715-3EA947CBB754}"
EndProject
Global
	GlobalSection(SolutionConfigurationPlatforms) = preSolution
		Debug|Any CPU = Debug|Any CPU
		Release|Any CPU = Release|Any CPU
	EndGlobalSection
	GlobalSection(ProjectConfigurationPlatforms) = postSolution
		{3767D676-E0BB-4DAC-8715-3EA947CBB754}.Debug|Any CPU.ActiveCfg = Debug|Any CPU
		{3767D676-E0BB-4DAC-8715-3EA947CBB754}.Debug|Any CPU.Build.0 = Debug|Any CPU
		{3767D676-E0BB-4DAC-8715-3EA947CBB754}.Release|Any CPU.ActiveCfg = Release|Any CPU
		{3767D676-E0BB-4DAC-8715-3EA947CBB754}.Release|Any CPU.Build.0 = Release|Any CPU
	EndGlobalSection
	GlobalSection(SolutionProperties) = preSolution
		HideSolutionNode = FALSE
	EndGlobalSection
	GlobalSection(ExtensibilityGlobals) = postSolution
		SolutionGuid = {D0AFF5EB-7082-4F4C-B9E2-5D8AADC6DF89}
	EndGlobalSection
EndGlobal
